Microsoft Visual Studio Solution File, Format Version 12.00
# Visual Studio Version 17
VisualStudioVersion = 17.5.2.0
MinimumVisualStudioVersion = 10.0.40219.1
Project("{2150E333-8FDC-42A3-9474-1A3956D46DE8}") = "core", "core", "{FBF56CC3-7AE6-AD2D-3F14-7F97FD322CD6}"
EndProject
Project("{2150E333-8FDC-42A3-9474-1A3956D46DE8}") = "authority", "authority", "{8942BE50-874B-3054-2196-CFE1568F118C}"
EndProject
Project("{FAE04EC0-301F-11D3-BF4B-00C04F79EFBC}") = "Agience.Authority.Identity", "core\authority\identity-api-dotnet\Agience.Authority.Identity.csproj", "{7EEB106D-D0FA-ECDB-01BC-DFD5DBC81242}"
EndProject
Project("{FAE04EC0-301F-11D3-BF4B-00C04F79EFBC}") = "Agience.Authority.Models", "core\authority\manage-models-dotnet\Agience.Authority.Models.csproj", "{67481BE3-3B60-1A5E-DC16-466111FCA999}"
Project("{2150E333-8FDC-42A3-9474-1A3956D46DE8}") = "plugins", "plugins", "{8FE295A4-77F5-04E4-E93E-DF2998305A49}"
EndProject
Project("{FAE04EC0-301F-11D3-BF4B-00C04F79EFBC}") = "Agience.Plugins.Core", "core\plugins\dotnet\Agience.Plugins.Core.csproj", "{D3FB2785-43EA-DA4C-7959-5AA49CFED0C5}"
EndProject
Project("{2150E333-8FDC-42A3-9474-1A3956D46DE8}") = "sdk", "sdk", "{13A68639-78BC-A7DA-D3FA-D4DB0BC66F17}"
EndProject
Project("{FAE04EC0-301F-11D3-BF4B-00C04F79EFBC}") = "Agience.Core", "core\sdk\dotnet\Agience.Core.csproj", "{1F668435-A49B-684B-CB1C-CAF860009225}"
EndProject
Project("{2150E333-8FDC-42A3-9474-1A3956D46DE8}") = "hosts", "hosts", "{71A0C1AF-DB30-ABD2-4B07-546D65066012}"
EndProject
Project("{2150E333-8FDC-42A3-9474-1A3956D46DE8}") = "dotnet", "dotnet", "{307E4E87-589B-04F2-5FEA-67A71146C79C}"
EndProject
Project("{FAE04EC0-301F-11D3-BF4B-00C04F79EFBC}") = "Agience.Hosts.Console", "core\hosts\dotnet\Console\Agience.Hosts.Console.csproj", "{F9030860-F166-727F-F2DD-83C29DBAE4E9}"
EndProject
Project("{FAE04EC0-301F-11D3-BF4B-00C04F79EFBC}") = "Agience.Hosts.Service", "core\hosts\dotnet\Service\Agience.Hosts.Service.csproj", "{E49FF2B1-A7F5-5644-F856-9C92CACFD9DE}"
EndProject
Global
	GlobalSection(SolutionConfigurationPlatforms) = preSolution
		Debug|Any CPU = Debug|Any CPU
		Release|Any CPU = Release|Any CPU
	EndGlobalSection
	GlobalSection(ProjectConfigurationPlatforms) = postSolution
		{7EEB106D-D0FA-ECDB-01BC-DFD5DBC81242}.Debug|Any CPU.ActiveCfg = Debug|Any CPU
		{7EEB106D-D0FA-ECDB-01BC-DFD5DBC81242}.Debug|Any CPU.Build.0 = Debug|Any CPU
		{7EEB106D-D0FA-ECDB-01BC-DFD5DBC81242}.Release|Any CPU.ActiveCfg = Release|Any CPU
		{7EEB106D-D0FA-ECDB-01BC-DFD5DBC81242}.Release|Any CPU.Build.0 = Release|Any CPU
		{67481BE3-3B60-1A5E-DC16-466111FCA999}.Debug|Any CPU.ActiveCfg = Debug|Any CPU
		{67481BE3-3B60-1A5E-DC16-466111FCA999}.Debug|Any CPU.Build.0 = Debug|Any CPU
		{67481BE3-3B60-1A5E-DC16-466111FCA999}.Release|Any CPU.ActiveCfg = Release|Any CPU
		{67481BE3-3B60-1A5E-DC16-466111FCA999}.Release|Any CPU.Build.0 = Release|Any CPU
		{D3FB2785-43EA-DA4C-7959-5AA49CFED0C5}.Debug|Any CPU.ActiveCfg = Debug|Any CPU
		{D3FB2785-43EA-DA4C-7959-5AA49CFED0C5}.Debug|Any CPU.Build.0 = Debug|Any CPU
		{D3FB2785-43EA-DA4C-7959-5AA49CFED0C5}.Release|Any CPU.ActiveCfg = Release|Any CPU
		{D3FB2785-43EA-DA4C-7959-5AA49CFED0C5}.Release|Any CPU.Build.0 = Release|Any CPU
		{1F668435-A49B-684B-CB1C-CAF860009225}.Debug|Any CPU.ActiveCfg = Debug|Any CPU
		{1F668435-A49B-684B-CB1C-CAF860009225}.Debug|Any CPU.Build.0 = Debug|Any CPU
		{1F668435-A49B-684B-CB1C-CAF860009225}.Release|Any CPU.ActiveCfg = Release|Any CPU
		{1F668435-A49B-684B-CB1C-CAF860009225}.Release|Any CPU.Build.0 = Release|Any CPU
		{F9030860-F166-727F-F2DD-83C29DBAE4E9}.Debug|Any CPU.ActiveCfg = Debug|Any CPU
		{F9030860-F166-727F-F2DD-83C29DBAE4E9}.Debug|Any CPU.Build.0 = Debug|Any CPU
		{F9030860-F166-727F-F2DD-83C29DBAE4E9}.Release|Any CPU.ActiveCfg = Release|Any CPU
		{F9030860-F166-727F-F2DD-83C29DBAE4E9}.Release|Any CPU.Build.0 = Release|Any CPU
		{E49FF2B1-A7F5-5644-F856-9C92CACFD9DE}.Debug|Any CPU.ActiveCfg = Debug|Any CPU
		{E49FF2B1-A7F5-5644-F856-9C92CACFD9DE}.Debug|Any CPU.Build.0 = Debug|Any CPU
		{E49FF2B1-A7F5-5644-F856-9C92CACFD9DE}.Release|Any CPU.ActiveCfg = Release|Any CPU
		{E49FF2B1-A7F5-5644-F856-9C92CACFD9DE}.Release|Any CPU.Build.0 = Release|Any CPU
	EndGlobalSection
	GlobalSection(SolutionProperties) = preSolution
		HideSolutionNode = FALSE
	EndGlobalSection
	GlobalSection(NestedProjects) = preSolution
		{8942BE50-874B-3054-2196-CFE1568F118C} = {FBF56CC3-7AE6-AD2D-3F14-7F97FD322CD6}
		{7EEB106D-D0FA-ECDB-01BC-DFD5DBC81242} = {8942BE50-874B-3054-2196-CFE1568F118C}
		{67481BE3-3B60-1A5E-DC16-466111FCA999} = {8942BE50-874B-3054-2196-CFE1568F118C}
		{8FE295A4-77F5-04E4-E93E-DF2998305A49} = {FBF56CC3-7AE6-AD2D-3F14-7F97FD322CD6}
		{D3FB2785-43EA-DA4C-7959-5AA49CFED0C5} = {8FE295A4-77F5-04E4-E93E-DF2998305A49}
		{13A68639-78BC-A7DA-D3FA-D4DB0BC66F17} = {FBF56CC3-7AE6-AD2D-3F14-7F97FD322CD6}
		{1F668435-A49B-684B-CB1C-CAF860009225} = {13A68639-78BC-A7DA-D3FA-D4DB0BC66F17}
		{71A0C1AF-DB30-ABD2-4B07-546D65066012} = {FBF56CC3-7AE6-AD2D-3F14-7F97FD322CD6}
		{307E4E87-589B-04F2-5FEA-67A71146C79C} = {71A0C1AF-DB30-ABD2-4B07-546D65066012}
		{F9030860-F166-727F-F2DD-83C29DBAE4E9} = {307E4E87-589B-04F2-5FEA-67A71146C79C}
		{E49FF2B1-A7F5-5644-F856-9C92CACFD9DE} = {307E4E87-589B-04F2-5FEA-67A71146C79C}
	EndGlobalSection
	GlobalSection(ExtensibilityGlobals) = postSolution
		SolutionGuid = {91626AA3-6E56-4E5E-B8FB-612AE4F05DC7}
	EndGlobalSection
EndGlobal
